
Microsoft Visual Studio Solution File, Format Version 12.00
# Visual Studio 14
VisualStudioVersion = 14.0.25420.1
MinimumVisualStudioVersion = 10.0.40219.1
Project("{E24C65DC-7377-472B-9ABA-BC803B73C61A}") = "Web_PeruHotel", "Web_PeruHotel\", "{341B3AE1-2B8E-47CE-96CC-DF8EA4ABA34C}"
	ProjectSection(WebsiteProperties) = preProject
		TargetFrameworkMoniker = ".NETFramework,Version%3Dv4.5.2"
		Debug.AspNetCompiler.VirtualPath = "/localhost_50229"
		Debug.AspNetCompiler.PhysicalPath = "Web_PeruHotel\"
		Debug.AspNetCompiler.TargetPath = "PrecompiledWeb\localhost_50229\"
		Debug.AspNetCompiler.Updateable = "true"
		Debug.AspNetCompiler.ForceOverwrite = "true"
		Debug.AspNetCompiler.FixedNames = "false"
		Debug.AspNetCompiler.Debug = "True"
		Release.AspNetCompiler.VirtualPath = "/localhost_50229"
		Release.AspNetCompiler.PhysicalPath = "Web_PeruHotel\"
		Release.AspNetCompiler.TargetPath = "PrecompiledWeb\localhost_50229\"
		Release.AspNetCompiler.Updateable = "true"
		Release.AspNetCompiler.ForceOverwrite = "true"
		Release.AspNetCompiler.FixedNames = "false"
		Release.AspNetCompiler.Debug = "False"
		VWDPort = "50229"
		SlnRelativePath = "Web_PeruHotel\"
		DefaultWebSiteLanguage = "Visual C#"
	EndProjectSection
EndProject
Global
	GlobalSection(SolutionConfigurationPlatforms) = preSolution
		Debug|Any CPU = Debug|Any CPU
	EndGlobalSection
	GlobalSection(ProjectConfigurationPlatforms) = postSolution
		{341B3AE1-2B8E-47CE-96CC-DF8EA4ABA34C}.Debug|Any CPU.ActiveCfg = Debug|Any CPU
		{341B3AE1-2B8E-47CE-96CC-DF8EA4ABA34C}.Debug|Any CPU.Build.0 = Debug|Any CPU
	EndGlobalSection
	GlobalSection(SolutionProperties) = preSolution
		HideSolutionNode = FALSE
	EndGlobalSection
EndGlobal
